{
  "name": "streamline-node",
  "version": "3.1.1",
  "lockfileVersion": 1,
  "requires": true,
  "dependencies": {
    "@types/node": {
      "version": "8.10.34",
      "resolved": "https://registry.npmjs.org/@types/node/-/node-8.10.34.tgz",
      "integrity": "sha512-alypNiaAEd0RBGXoWehJ2gchPYCITmw4CYBoB5nDlji8l8on7FsklfdfIs4DDmgpKLSX3OF3ha6SV+0W7cTzUA=="
    },
    "colors": {
      "version": "1.3.2",
      "resolved": "https://registry.npmjs.org/colors/-/colors-1.3.2.tgz",
      "integrity": "sha512-rhP0JSBGYvpcNQj4s5AdShMeE5ahMop96cTeDl/v9qQQm2fYClE2QXZRi8wLzc+GmXSxdIqqbOIAhyObEXDbfQ==",
      "dev": true
    },
    "fibers": {
      "version": "2.0.2",
      "resolved": "https://registry.npmjs.org/fibers/-/fibers-2.0.2.tgz",
      "integrity": "sha512-HfVRxhYG7C8Jl9FqtrlElMR2z/8YiLQVDKf67MLY25Ic+ILx3ecmklfT1v3u+7P5/4vEFjuxaAFXhr2/Afwk5g==",
      "dev": true,
      "optional": true
    },
    "regenerator-runtime": {
      "version": "0.10.5",
      "resolved": "https://registry.npmjs.org/regenerator-runtime/-/regenerator-runtime-0.10.5.tgz",
      "integrity": "sha1-M2w+/BIgrc7dosn6tntaeVWjNlg=",
      "dev": true
    },
    "streamline-runtime": {
      "version": "1.1.15",
      "resolved": "https://registry.npmjs.org/streamline-runtime/-/streamline-runtime-1.1.15.tgz",
      "integrity": "sha512-ZXDgpd6MyTP08luK5z3M/fJ7yqNxXEg2PjeG/RAOVFKLIeftb0Y+YBl/Vhu2WdvY6B8jsicfAiRL/XsZBUFlsw==",
      "dev": true,
      "requires": {
        "colors": "^1.1.2",
        "fibers": "^2.0.2",
        "regenerator-runtime": "^0.10.1"
      }
    },
    "typescript": {
      "version": "2.9.2",
      "resolved": "https://registry.npmjs.org/typescript/-/typescript-2.9.2.tgz",
      "integrity": "sha512-Gr4p6nFNaoufRIY4NMdpQRNmgxVIGMs4Fcu/ujdYk3nAZqk7supzBE9idmvfZIlH/Cuj//dvi+019qEue9lV0w==",
      "dev": true
    }
  }
}
